
Microsoft Visual Studio Solution File, Format Version 12.00
# Visual Studio Version 17
VisualStudioVersion = 17.4.33205.214
MinimumVisualStudioVersion = 10.0.40219.1
Project("{FAE04EC0-301F-11D3-BF4B-00C04F79EFBC}") = "Test.SortByName", "Test.SortByName\Test.SortByName.csproj", "{D576574F-7BE4-44E5-A5F1-C993277FBC6A}"
EndProject
Global
	GlobalSection(SolutionConfigurationPlatforms) = preSolution
		Debug|Any CPU = Debug|Any CPU
		Release|Any CPU = Release|Any CPU
	EndGlobalSection
	GlobalSection(ProjectConfigurationPlatforms) = postSolution
		{B36C8561-3C07-47F1-A822-C509111C7175}.Debug|Any CPU.ActiveCfg = Debug|Any CPU
		{B36C8561-3C07-47F1-A822-C509111C7175}.Debug|Any CPU.Build.0 = Debug|Any CPU
		{B36C8561-3C07-47F1-A822-C509111C7175}.Release|Any CPU.ActiveCfg = Release|Any CPU
		{B36C8561-3C07-47F1-A822-C509111C7175}.Release|Any CPU.Build.0 = Release|Any CPU
		{D576574F-7BE4-44E5-A5F1-C993277FBC6A}.Debug|Any CPU.ActiveCfg = Debug|Any CPU
		{D576574F-7BE4-44E5-A5F1-C993277FBC6A}.Debug|Any CPU.Build.0 = Debug|Any CPU
		{D576574F-7BE4-44E5-A5F1-C993277FBC6A}.Release|Any CPU.ActiveCfg = Release|Any CPU
		{D576574F-7BE4-44E5-A5F1-C993277FBC6A}.Release|Any CPU.Build.0 = Release|Any CPU
	EndGlobalSection
	GlobalSection(SolutionProperties) = preSolution
		HideSolutionNode = FALSE
	EndGlobalSection
	GlobalSection(ExtensibilityGlobals) = postSolution
		SolutionGuid = {0F5CD4D5-985D-4E4E-9DF5-29BB5ADA9B4F}
	EndGlobalSection
EndGlobal
